
Microsoft Visual Studio Solution File, Format Version 12.00
# Visual Studio Version 17
VisualStudioVersion = 17.3.32825.248
MinimumVisualStudioVersion = 10.0.40219.1
Project("{9A19103F-16F7-4668-BE54-9A1E7A4F7556}") = "CSV_Helper_Example_Code", "CSV_Helper_Example_Code\CSV_Helper_Example_Code.csproj", "{E52EF214-46DD-4370-BDFD-5821EA5DA4DC}"
EndProject
Project("{9A19103F-16F7-4668-BE54-9A1E7A4F7556}") = "CSV_Winforms", "CSV_Winforms\CSV_Winforms.csproj", "{294FD7AB-9882-4333-813C-D04F1C91AE00}"
EndProject
Project("{FAE04EC0-301F-11D3-BF4B-00C04F79EFBC}") = "CSVHelperExample", "CSVHelperExample\CSVHelperExample.csproj", "{C031BEDB-88C3-40B2-A1C3-10DEE006C74B}"
EndProject
Global
	GlobalSection(SolutionConfigurationPlatforms) = preSolution
		Debug|Any CPU = Debug|Any CPU
		Release|Any CPU = Release|Any CPU
	EndGlobalSection
	GlobalSection(ProjectConfigurationPlatforms) = postSolution
		{E52EF214-46DD-4370-BDFD-5821EA5DA4DC}.Debug|Any CPU.ActiveCfg = Debug|Any CPU
		{E52EF214-46DD-4370-BDFD-5821EA5DA4DC}.Debug|Any CPU.Build.0 = Debug|Any CPU
		{E52EF214-46DD-4370-BDFD-5821EA5DA4DC}.Release|Any CPU.ActiveCfg = Release|Any CPU
		{E52EF214-46DD-4370-BDFD-5821EA5DA4DC}.Release|Any CPU.Build.0 = Release|Any CPU
		{294FD7AB-9882-4333-813C-D04F1C91AE00}.Debug|Any CPU.ActiveCfg = Debug|Any CPU
		{294FD7AB-9882-4333-813C-D04F1C91AE00}.Debug|Any CPU.Build.0 = Debug|Any CPU
		{294FD7AB-9882-4333-813C-D04F1C91AE00}.Release|Any CPU.ActiveCfg = Release|Any CPU
		{294FD7AB-9882-4333-813C-D04F1C91AE00}.Release|Any CPU.Build.0 = Release|Any CPU
		{C031BEDB-88C3-40B2-A1C3-10DEE006C74B}.Debug|Any CPU.ActiveCfg = Debug|Any CPU
		{C031BEDB-88C3-40B2-A1C3-10DEE006C74B}.Debug|Any CPU.Build.0 = Debug|Any CPU
		{C031BEDB-88C3-40B2-A1C3-10DEE006C74B}.Release|Any CPU.ActiveCfg = Release|Any CPU
		{C031BEDB-88C3-40B2-A1C3-10DEE006C74B}.Release|Any CPU.Build.0 = Release|Any CPU
	EndGlobalSection
	GlobalSection(SolutionProperties) = preSolution
		HideSolutionNode = FALSE
	EndGlobalSection
	GlobalSection(ExtensibilityGlobals) = postSolution
		SolutionGuid = {8D83C3E1-AC48-4EB3-AA8D-16137BCEACFF}
	EndGlobalSection
EndGlobal
